// !$*UTF8*$!
{
	archiveVersion = 1;
	classes = {
	};
	objectVersion = 77;
	objects = {

/* Begin PBXBuildFile section */
		1EF15CA2FCD61C3B3AC1E123 /* Assets.xcassets in Resources */ = {isa = PBXBuildFile; fileRef = BDBDF7199B6BC0C226518619 /* Assets.xcassets */; };
		8B02AF71FEB54A927AAC572B /* ScrollArrows.swift in Sources */ = {isa = PBXBuildFile; fileRef = 93BB1C5D69E4863812351735 /* ScrollArrows.swift */; };
		A3D657464616F0E5C842D63A /* ScreenReaderIosAppApp.swift in Sources */ = {isa = PBXBuildFile; fileRef = CF44A986676B0BEF1346E44E /* ScreenReaderIosAppApp.swift */; };
		BE24C664EB6C6F3B52A40BF9 /* ScreenReaderTestView.swift in Sources */ = {isa = PBXBuildFile; fileRef = E3956520FE1E40DAC65CEB3A /* ScreenReaderTestView.swift */; };
		DA669662B03B4D141A80B84E /* ScreenReaderLinearNavView.swift in Sources */ = {isa = PBXBuildFile; fileRef = A0E886AD160832F2CC8E1304 /* ScreenReaderLinearNavView.swift */; };
/* End PBXBuildFile section */

/* Begin PBXFileReference section */
		74807D6B6DF2116833948F17 /* ScreenReaderIosApp.app */ = {isa = PBXFileReference; includeInIndex = 0; lastKnownFileType = wrapper.application; path = ScreenReaderIosApp.app; sourceTree = BUILT_PRODUCTS_DIR; };
		93BB1C5D69E4863812351735 /* ScrollArrows.swift */ = {isa = PBXFileReference; lastKnownFileType = sourcecode.swift; path = ScrollArrows.swift; sourceTree = "<group>"; };
		A0E886AD160832F2CC8E1304 /* ScreenReaderLinearNavView.swift */ = {isa = PBXFileReference; lastKnownFileType = sourcecode.swift; path = ScreenReaderLinearNavView.swift; sourceTree = "<group>"; };
		BDBDF7199B6BC0C226518619 /* Assets.xcassets */ = {isa = PBXFileReference; lastKnownFileType = folder.assetcatalog; path = Assets.xcassets; sourceTree = "<group>"; };
		CF44A986676B0BEF1346E44E /* ScreenReaderIosAppApp.swift */ = {isa = PBXFileReference; lastKnownFileType = sourcecode.swift; path = ScreenReaderIosAppApp.swift; sourceTree = "<group>"; };
		E3956520FE1E40DAC65CEB3A /* ScreenReaderTestView.swift */ = {isa = PBXFileReference; lastKnownFileType = sourcecode.swift; path = ScreenReaderTestView.swift; sourceTree = "<group>"; };
/* End PBXFileReference section */

/* Begin PBXGroup section */
		64D78F0BA42764E271063BFC /* Products */ = {
			isa = PBXGroup;
			children = (
				74807D6B6DF2116833948F17 /* ScreenReaderIosApp.app */,
			);
			name = Products;
			sourceTree = "<group>";
		};
		6E45005094318412D46C5402 /* Views */ = {
			isa = PBXGroup;
			children = (
				A0E886AD160832F2CC8E1304 /* ScreenReaderLinearNavView.swift */,
				E3956520FE1E40DAC65CEB3A /* ScreenReaderTestView.swift */,
				93BB1C5D69E4863812351735 /* ScrollArrows.swift */,
			);
			path = Views;
			sourceTree = "<group>";
		};
		D01922AFD4E044240A45FE9F /* ScreenReaderIosApp */ = {
			isa = PBXGroup;
			children = (
				BDBDF7199B6BC0C226518619 /* Assets.xcassets */,
				CF44A986676B0BEF1346E44E /* ScreenReaderIosAppApp.swift */,
				6E45005094318412D46C5402 /* Views */,
			);
			path = ScreenReaderIosApp;
			sourceTree = "<group>";
		};
		E6745CD236B04D7BC5A7DF98 = {
			isa = PBXGroup;
			children = (
				D01922AFD4E044240A45FE9F /* ScreenReaderIosApp */,
				64D78F0BA42764E271063BFC /* Products */,
			);
			sourceTree = "<group>";
		};
/* End PBXGroup section */

/* Begin PBXNativeTarget section */
		1AC12B44C5066326E91C9122 /* ScreenReaderIosApp */ = {
			isa = PBXNativeTarget;
			buildConfigurationList = 808E47EC041A78D909531152 /* Build configuration list for PBXNativeTarget "ScreenReaderIosApp" */;
			buildPhases = (
				D0E74CC4E62D1BA2210042AA /* Sources */,
				D3AA59A137AAA76A89997724 /* Resources */,
			);
			buildRules = (
			);
			dependencies = (
			);
			name = ScreenReaderIosApp;
			packageProductDependencies = (
			);
			productName = ScreenReaderIosApp;
			productReference = 74807D6B6DF2116833948F17 /* ScreenReaderIosApp.app */;
			productType = "com.apple.product-type.application";
		};
/* End PBXNativeTarget section */

/* Begin PBXProject section */
		25AF764EDE15D34F82586828 /* Project object */ = {
			isa = PBXProject;
			attributes = {
				BuildIndependentTargetsInParallel = YES;
				LastUpgradeCheck = 1430;
				TargetAttributes = {
					1AC12B44C5066326E91C9122 = {
						DevelopmentTeam = GAH9JCGHMZ;
						ProvisioningStyle = Automatic;
					};
				};
			};
			buildConfigurationList = 8B13C67BE6FB286BF5F6470E /* Build configuration list for PBXProject "ScreenReaderIosApp" */;
			developmentRegion = en;
			hasScannedForEncodings = 0;
			knownRegions = (
				Base,
				en,
			);
			mainGroup = E6745CD236B04D7BC5A7DF98;
			minimizedProjectReferenceProxies = 1;
			preferredProjectObjectVersion = 77;
			productRefGroup = 64D78F0BA42764E271063BFC /* Products */;
			projectDirPath = "";
			projectRoot = "";
			targets = (
				1AC12B44C5066326E91C9122 /* ScreenReaderIosApp */,
			);
		};
/* End PBXProject section */

/* Begin PBXResourcesBuildPhase section */
		D3AA59A137AAA76A89997724 /* Resources */ = {
			isa = PBXResourcesBuildPhase;
			buildActionMask = 2147483647;
			files = (
				1EF15CA2FCD61C3B3AC1E123 /* Assets.xcassets in Resources */,
			);
			runOnlyForDeploymentPostprocessing = 0;
		};
/* End PBXResourcesBuildPhase section */

/* Begin PBXSourcesBuildPhase section */
		D0E74CC4E62D1BA2210042AA /* Sources */ = {
			isa = PBXSourcesBuildPhase;
			buildActionMask = 2147483647;
			files = (
				A3D657464616F0E5C842D63A /* ScreenReaderIosAppApp.swift in Sources */,
				DA669662B03B4D141A80B84E /* ScreenReaderLinearNavView.swift in Sources */,
				BE24C664EB6C6F3B52A40BF9 /* ScreenReaderTestView.swift in Sources */,
				8B02AF71FEB54A927AAC572B /* ScrollArrows.swift in Sources */,
			);
			runOnlyForDeploymentPostprocessing = 0;
		};
/* End PBXSourcesBuildPhase section */

/* Begin XCBuildConfiguration section */
		57EC1D60CE1EB45A061B073B /* Debug */ = {
			isa = XCBuildConfiguration;
			buildSettings = {
				ASSETCATALOG_COMPILER_APPICON_NAME = AppIcon;
				ASSETCATALOG_COMPILER_GLOBAL_ACCENT_COLOR_NAME = AccentColor;
				CODE_SIGN_IDENTITY = "iPhone Developer";
				CODE_SIGN_STYLE = Automatic;
				CURRENT_PROJECT_VERSION = 1;
				DEVELOPMENT_TEAM = GAH9JCGHMZ;
				GENERATE_INFOPLIST_FILE = YES;
				INFOPLIST_KEY_UILaunchScreen_Generation = YES;
				LD_RUNPATH_SEARCH_PATHS = (
					"$(inherited)",
					"@executable_path/Frameworks",
				);
				MARKETING_VERSION = 1.0;
				PRODUCT_BUNDLE_IDENTIFIER = lambdatest.ScreenReaderIosApp;
				SDKROOT = iphoneos;
				TARGETED_DEVICE_FAMILY = "1,2";
			};
			name = Debug;
		};
		915A6918551EDDCAEED463C3 /* Release */ = {
			isa = XCBuildConfiguration;
			buildSettings = {
				ALWAYS_SEARCH_USER_PATHS = NO;
				CLANG_ANALYZER_NONNULL = YES;
				CLANG_ANALYZER_NUMBER_OBJECT_CONVERSION = YES_AGGRESSIVE;
				CLANG_CXX_LANGUAGE_STANDARD = "gnu++14";
				CLANG_CXX_LIBRARY = "libc++";
				CLANG_ENABLE_MODULES = YES;
				CLANG_ENABLE_OBJC_ARC = YES;
				CLANG_ENABLE_OBJC_WEAK = YES;
				CLANG_WARN_BLOCK_CAPTURE_AUTORELEASING = YES;
				CLANG_WARN_BOOL_CONVERSION = YES;
				CLANG_WARN_COMMA = YES;
				CLANG_WARN_CONSTANT_CONVERSION = YES;
				CLANG_WARN_DEPRECATED_OBJC_IMPLEMENTATIONS = YES;
				CLANG_WARN_DIRECT_OBJC_ISA_USAGE = YES_ERROR;
				CLANG_WARN_DOCUMENTATION_COMMENTS = YES;
				CLANG_WARN_EMPTY_BODY = YES;
				CLANG_WARN_ENUM_CONVERSION = YES;
				CLANG_WARN_INFINITE_RECURSION = YES;
				CLANG_WARN_INT_CONVERSION = YES;
				CLANG_WARN_NON_LITERAL_NULL_CONVERSION = YES;
				CLANG_WARN_OBJC_IMPLICIT_RETAIN_SELF = YES;
				CLANG_WARN_OBJC_LITERAL_CONVERSION = YES;
				CLANG_WARN_OBJC_ROOT_CLASS = YES_ERROR;
				CLANG_WARN_QUOTED_INCLUDE_IN_FRAMEWORK_HEADER = YES;
				CLANG_WARN_RANGE_LOOP_ANALYSIS = YES;
				CLANG_WARN_STRICT_PROTOTYPES = YES;
				CLANG_WARN_SUSPICIOUS_MOVE = YES;
				CLANG_WARN_UNGUARDED_AVAILABILITY = YES_AGGRESSIVE;
				CLANG_WARN_UNREACHABLE_CODE = YES;
				CLANG_WARN__DUPLICATE_METHOD_MATCH = YES;
				COPY_PHASE_STRIP = NO;
				DEBUG_INFORMATION_FORMAT = "dwarf-with-dsym";
				ENABLE_NS_ASSERTIONS = NO;
				ENABLE_STRICT_OBJC_MSGSEND = YES;
				GCC_C_LANGUAGE_STANDARD = gnu11;
				GCC_NO_COMMON_BLOCKS = YES;
				GCC_WARN_64_TO_32_BIT_CONVERSION = YES;
				GCC_WARN_ABOUT_RETURN_TYPE = YES_ERROR;
				GCC_WARN_UNDECLARED_SELECTOR = YES;
				GCC_WARN_UNINITIALIZED_AUTOS = YES_AGGRESSIVE;
				GCC_WARN_UNUSED_FUNCTION = YES;
				GCC_WARN_UNUSED_VARIABLE = YES;
				IPHONEOS_DEPLOYMENT_TARGET = 17.0;
				MTL_ENABLE_DEBUG_INFO = NO;
				MTL_FAST_MATH = YES;
				PRODUCT_NAME = "$(TARGET_NAME)";
				SDKROOT = iphoneos;
				SWIFT_COMPILATION_MODE = wholemodule;
				SWIFT_OPTIMIZATION_LEVEL = "-O";
				SWIFT_VERSION = 5.0;
			};
			name = Release;
		};
		ADC7E6EDC89F32B173596939 /* Debug */ = {
			isa = XCBuildConfiguration;
			buildSettings = {
				ALWAYS_SEARCH_USER_PATHS = NO;
				CLANG_ANALYZER_NONNULL = YES;
				CLANG_ANALYZER_NUMBER_OBJECT_CONVERSION = YES_AGGRESSIVE;
				CLANG_CXX_LANGUAGE_STANDARD = "gnu++14";
				CLANG_CXX_LIBRARY = "libc++";
				CLANG_ENABLE_MODULES = YES;
				CLANG_ENABLE_OBJC_ARC = YES;
				CLANG_ENABLE_OBJC_WEAK = YES;
				CLANG_WARN_BLOCK_CAPTURE_AUTORELEASING = YES;
				CLANG_WARN_BOOL_CONVERSION = YES;
				CLANG_WARN_COMMA = YES;
				CLANG_WARN_CONSTANT_CONVERSION = YES;
				CLANG_WARN_DEPRECATED_OBJC_IMPLEMENTATIONS = YES;
				CLANG_WARN_DIRECT_OBJC_ISA_USAGE = YES_ERROR;
				CLANG_WARN_DOCUMENTATION_COMMENTS = YES;
				CLANG_WARN_EMPTY_BODY = YES;
				CLANG_WARN_ENUM_CONVERSION = YES;
				CLANG_WARN_INFINITE_RECURSION = YES;
				CLANG_WARN_INT_CONVERSION = YES;
				CLANG_WARN_NON_LITERAL_NULL_CONVERSION = YES;
				CLANG_WARN_OBJC_IMPLICIT_RETAIN_SELF = YES;
				CLANG_WARN_OBJC_LITERAL_CONVERSION = YES;
				CLANG_WARN_OBJC_ROOT_CLASS = YES_ERROR;
				CLANG_WARN_QUOTED_INCLUDE_IN_FRAMEWORK_HEADER = YES;
				CLANG_WARN_RANGE_LOOP_ANALYSIS = YES;
				CLANG_WARN_STRICT_PROTOTYPES = YES;
				CLANG_WARN_SUSPICIOUS_MOVE = YES;
				CLANG_WARN_UNGUARDED_AVAILABILITY = YES_AGGRESSIVE;
				CLANG_WARN_UNREACHABLE_CODE = YES;
				CLANG_WARN__DUPLICATE_METHOD_MATCH = YES;
				COPY_PHASE_STRIP = NO;
				DEBUG_INFORMATION_FORMAT = dwarf;
				ENABLE_STRICT_OBJC_MSGSEND = YES;
				ENABLE_TESTABILITY = YES;
				GCC_C_LANGUAGE_STANDARD = gnu11;
				GCC_DYNAMIC_NO_PIC = NO;
				GCC_NO_COMMON_BLOCKS = YES;
				GCC_OPTIMIZATION_LEVEL = 0;
				GCC_PREPROCESSOR_DEFINITIONS = (
					"$(inherited)",
					"DEBUG=1",
				);
				GCC_WARN_64_TO_32_BIT_CONVERSION = YES;
				GCC_WARN_ABOUT_RETURN_TYPE = YES_ERROR;
				GCC_WARN_UNDECLARED_SELECTOR = YES;
				GCC_WARN_UNINITIALIZED_AUTOS = YES_AGGRESSIVE;
				GCC_WARN_UNUSED_FUNCTION = YES;
				GCC_WARN_UNUSED_VARIABLE = YES;
				IPHONEOS_DEPLOYMENT_TARGET = 17.0;
				MTL_ENABLE_DEBUG_INFO = INCLUDE_SOURCE;
				MTL_FAST_MATH = YES;
				ONLY_ACTIVE_ARCH = YES;
				PRODUCT_NAME = "$(TARGET_NAME)";
				SDKROOT = iphoneos;
				SWIFT_ACTIVE_COMPILATION_CONDITIONS = DEBUG;
				SWIFT_OPTIMIZATION_LEVEL = "-Onone";
				SWIFT_VERSION = 5.0;
			};
			name = Debug;
		};
		B51FE6FD43291E5F323923DB /* Release */ = {
			isa = XCBuildConfiguration;
			buildSettings = {
				ASSETCATALOG_COMPILER_APPICON_NAME = AppIcon;
				ASSETCATALOG_COMPILER_GLOBAL_ACCENT_COLOR_NAME = AccentColor;
				CODE_SIGN_IDENTITY = "iPhone Developer";
				CODE_SIGN_STYLE = Automatic;
				CURRENT_PROJECT_VERSION = 1;
				DEVELOPMENT_TEAM = GAH9JCGHMZ;
				GENERATE_INFOPLIST_FILE = YES;
				INFOPLIST_KEY_UILaunchScreen_Generation = YES;
				LD_RUNPATH_SEARCH_PATHS = (
					"$(inherited)",
					"@executable_path/Frameworks",
				);
				MARKETING_VERSION = 1.0;
				PRODUCT_BUNDLE_IDENTIFIER = lambdatest.ScreenReaderIosApp;
				SDKROOT = iphoneos;
				TARGETED_DEVICE_FAMILY = "1,2";
			};
			name = Release;
		};
/* End XCBuildConfiguration section */

/* Begin XCConfigurationList section */
		808E47EC041A78D909531152 /* Build configuration list for PBXNativeTarget "ScreenReaderIosApp" */ = {
			isa = XCConfigurationList;
			buildConfigurations = (
				57EC1D60CE1EB45A061B073B /* Debug */,
				B51FE6FD43291E5F323923DB /* Release */,
			);
			defaultConfigurationIsVisible = 0;
			defaultConfigurationName = Debug;
		};
		8B13C67BE6FB286BF5F6470E /* Build configuration list for PBXProject "ScreenReaderIosApp" */ = {
			isa = XCConfigurationList;
			buildConfigurations = (
				ADC7E6EDC89F32B173596939 /* Debug */,
				915A6918551EDDCAEED463C3 /* Release */,
			);
			defaultConfigurationIsVisible = 0;
			defaultConfigurationName = Debug;
		};
/* End XCConfigurationList section */
	};
	rootObject = 25AF764EDE15D34F82586828 /* Project object */;
}
